// !$*UTF8*$!
{
	archiveVersion = 1;
	classes = {
	};
	objectVersion = 56;
	objects = {

/* Begin PBXBuildFile section */
		3F3213782D0D929E000CD499 /* Event_CountDownApp.swift in Sources */ = {isa = PBXBuildFile; fileRef = 3F3213772D0D929E000CD499 /* Event_CountDownApp.swift */; };
		3F32137A2D0D929E000CD499 /* ContentView.swift in Sources */ = {isa = PBXBuildFile; fileRef = 3F3213792D0D929E000CD499 /* ContentView.swift */; };
		3F32137C2D0D92A1000CD499 /* Assets.xcassets in Resources */ = {isa = PBXBuildFile; fileRef = 3F32137B2D0D92A1000CD499 /* Assets.xcassets */; };
		3F32137F2D0D92A1000CD499 /* Preview Assets.xcassets in Resources */ = {isa = PBXBuildFile; fileRef = 3F32137E2D0D92A1000CD499 /* Preview Assets.xcassets */; };
		3F3213862D0D95CA000CD499 /* EventModel.swift in Sources */ = {isa = PBXBuildFile; fileRef = 3F3213852D0D95CA000CD499 /* EventModel.swift */; };
		3F3213882D0D97F4000CD499 /* DataHandler.swift in Sources */ = {isa = PBXBuildFile; fileRef = 3F3213872D0D97F4000CD499 /* DataHandler.swift */; };
		3F3213902D0D993F000CD499 /* Event_CountDownTests.swift in Sources */ = {isa = PBXBuildFile; fileRef = 3F32138F2D0D993F000CD499 /* Event_CountDownTests.swift */; };
		3F3213962D0D9A1C000CD499 /* DataHandler.swift in Sources */ = {isa = PBXBuildFile; fileRef = 3F3213872D0D97F4000CD499 /* DataHandler.swift */; };
		3F3213972D0D9A20000CD499 /* EventModel.swift in Sources */ = {isa = PBXBuildFile; fileRef = 3F3213852D0D95CA000CD499 /* EventModel.swift */; };
		3FCC97A12D17A2A9003B4656 /* EventsView.swift in Sources */ = {isa = PBXBuildFile; fileRef = 3FCC97A02D17A2A9003B4656 /* EventsView.swift */; };
		3FCC97A22D17A2A9003B4656 /* EventsView.swift in Sources */ = {isa = PBXBuildFile; fileRef = 3FCC97A02D17A2A9003B4656 /* EventsView.swift */; };
		3FCC97A52D17A52F003B4656 /* EventRow.swift in Sources */ = {isa = PBXBuildFile; fileRef = 3FCC97A42D17A52F003B4656 /* EventRow.swift */; };
		3FCC97A62D17A52F003B4656 /* EventRow.swift in Sources */ = {isa = PBXBuildFile; fileRef = 3FCC97A42D17A52F003B4656 /* EventRow.swift */; };
		3FCC97AC2D17A8DB003B4656 /* Date+Ex.swift in Sources */ = {isa = PBXBuildFile; fileRef = 3FCC97AB2D17A8DB003B4656 /* Date+Ex.swift */; };
		3FCC97AD2D17A8DB003B4656 /* Date+Ex.swift in Sources */ = {isa = PBXBuildFile; fileRef = 3FCC97AB2D17A8DB003B4656 /* Date+Ex.swift */; };
		3FCC97AF2D17A91D003B4656 /* Date+ExTests.swift in Sources */ = {isa = PBXBuildFile; fileRef = 3FCC97AE2D17A91D003B4656 /* Date+ExTests.swift */; };
/* End PBXBuildFile section */

/* Begin PBXContainerItemProxy section */
		3F3213912D0D993F000CD499 /* PBXContainerItemProxy */ = {
			isa = PBXContainerItemProxy;
			containerPortal = 3F32136C2D0D929E000CD499 /* Project object */;
			proxyType = 1;
			remoteGlobalIDString = 3F3213732D0D929E000CD499;
			remoteInfo = "Event CountDown";
		};
/* End PBXContainerItemProxy section */

/* Begin PBXFileReference section */
		3F3213742D0D929E000CD499 /* EventCountDown.app */ = {isa = PBXFileReference; explicitFileType = wrapper.application; includeInIndex = 0; path = EventCountDown.app; sourceTree = BUILT_PRODUCTS_DIR; };
		3F3213772D0D929E000CD499 /* Event_CountDownApp.swift */ = {isa = PBXFileReference; lastKnownFileType = sourcecode.swift; path = Event_CountDownApp.swift; sourceTree = "<group>"; };
		3F3213792D0D929E000CD499 /* ContentView.swift */ = {isa = PBXFileReference; lastKnownFileType = sourcecode.swift; path = ContentView.swift; sourceTree = "<group>"; };
		3F32137B2D0D92A1000CD499 /* Assets.xcassets */ = {isa = PBXFileReference; lastKnownFileType = folder.assetcatalog; path = Assets.xcassets; sourceTree = "<group>"; };
		3F32137E2D0D92A1000CD499 /* Preview Assets.xcassets */ = {isa = PBXFileReference; lastKnownFileType = folder.assetcatalog; path = "Preview Assets.xcassets"; sourceTree = "<group>"; };
		3F3213852D0D95CA000CD499 /* EventModel.swift */ = {isa = PBXFileReference; lastKnownFileType = sourcecode.swift; path = EventModel.swift; sourceTree = "<group>"; };
		3F3213872D0D97F4000CD499 /* DataHandler.swift */ = {isa = PBXFileReference; lastKnownFileType = sourcecode.swift; path = DataHandler.swift; sourceTree = "<group>"; };
		3F32138D2D0D993F000CD499 /* EventCountDownTests.xctest */ = {isa = PBXFileReference; explicitFileType = wrapper.cfbundle; includeInIndex = 0; path = EventCountDownTests.xctest; sourceTree = BUILT_PRODUCTS_DIR; };
		3F32138F2D0D993F000CD499 /* Event_CountDownTests.swift */ = {isa = PBXFileReference; lastKnownFileType = sourcecode.swift; path = Event_CountDownTests.swift; sourceTree = "<group>"; };
		3FCC97A02D17A2A9003B4656 /* EventsView.swift */ = {isa = PBXFileReference; lastKnownFileType = sourcecode.swift; path = EventsView.swift; sourceTree = "<group>"; };
		3FCC97A42D17A52F003B4656 /* EventRow.swift */ = {isa = PBXFileReference; lastKnownFileType = sourcecode.swift; path = EventRow.swift; sourceTree = "<group>"; };
		3FCC97AB2D17A8DB003B4656 /* Date+Ex.swift */ = {isa = PBXFileReference; lastKnownFileType = sourcecode.swift; path = "Date+Ex.swift"; sourceTree = "<group>"; };
		3FCC97AE2D17A91D003B4656 /* Date+ExTests.swift */ = {isa = PBXFileReference; lastKnownFileType = sourcecode.swift; path = "Date+ExTests.swift"; sourceTree = "<group>"; };
/* End PBXFileReference section */

/* Begin PBXFrameworksBuildPhase section */
		3F3213712D0D929E000CD499 /* Frameworks */ = {
			isa = PBXFrameworksBuildPhase;
			buildActionMask = 2147483647;
			files = (
			);
			runOnlyForDeploymentPostprocessing = 0;
		};
		3F32138A2D0D993F000CD499 /* Frameworks */ = {
			isa = PBXFrameworksBuildPhase;
			buildActionMask = 2147483647;
			files = (
			);
			runOnlyForDeploymentPostprocessing = 0;
		};
/* End PBXFrameworksBuildPhase section */

/* Begin PBXGroup section */
		3F32136B2D0D929E000CD499 = {
			isa = PBXGroup;
			children = (
				3FCC97AE2D17A91D003B4656 /* Date+ExTests.swift */,
				3F3213762D0D929E000CD499 /* Event CountDown */,
				3F32138E2D0D993F000CD499 /* Event CountDownTests */,
				3F3213752D0D929E000CD499 /* Products */,
			);
			sourceTree = "<group>";
		};
		3F3213752D0D929E000CD499 /* Products */ = {
			isa = PBXGroup;
			children = (
				3F3213742D0D929E000CD499 /* EventCountDown.app */,
				3F32138D2D0D993F000CD499 /* EventCountDownTests.xctest */,
			);
			name = Products;
			sourceTree = "<group>";
		};
		3F3213762D0D929E000CD499 /* Event CountDown */ = {
			isa = PBXGroup;
			children = (
				3FCC97A72D17A8BD003B4656 /* Utilities */,
				3FCC97A32D17A518003B4656 /* Events Screeen */,
				3F3213772D0D929E000CD499 /* Event_CountDownApp.swift */,
				3F3213792D0D929E000CD499 /* ContentView.swift */,
				3F32137B2D0D92A1000CD499 /* Assets.xcassets */,
				3F32137D2D0D92A1000CD499 /* Preview Content */,
				3F3213852D0D95CA000CD499 /* EventModel.swift */,
				3F3213872D0D97F4000CD499 /* DataHandler.swift */,
			);
			path = "Event CountDown";
			sourceTree = "<group>";
		};
		3F32137D2D0D92A1000CD499 /* Preview Content */ = {
			isa = PBXGroup;
			children = (
				3F32137E2D0D92A1000CD499 /* Preview Assets.xcassets */,
			);
			path = "Preview Content";
			sourceTree = "<group>";
		};
		3F32138E2D0D993F000CD499 /* Event CountDownTests */ = {
			isa = PBXGroup;
			children = (
				3F32138F2D0D993F000CD499 /* Event_CountDownTests.swift */,
			);
			path = "Event CountDownTests";
			sourceTree = "<group>";
		};
		3FCC97A32D17A518003B4656 /* Events Screeen */ = {
			isa = PBXGroup;
			children = (
				3FCC97A02D17A2A9003B4656 /* EventsView.swift */,
				3FCC97A42D17A52F003B4656 /* EventRow.swift */,
			);
			path = "Events Screeen";
			sourceTree = "<group>";
		};
		3FCC97A72D17A8BD003B4656 /* Utilities */ = {
			isa = PBXGroup;
			children = (
				3FCC97AB2D17A8DB003B4656 /* Date+Ex.swift */,
			);
			path = Utilities;
			sourceTree = "<group>";
		};
/* End PBXGroup section */

/* Begin PBXNativeTarget section */
		3F3213732D0D929E000CD499 /* EventCountDown */ = {
			isa = PBXNativeTarget;
			buildConfigurationList = 3F3213822D0D92A1000CD499 /* Build configuration list for PBXNativeTarget "EventCountDown" */;
			buildPhases = (
				3F3213702D0D929E000CD499 /* Sources */,
				3F3213712D0D929E000CD499 /* Frameworks */,
				3F3213722D0D929E000CD499 /* Resources */,
			);
			buildRules = (
			);
			dependencies = (
			);
			name = EventCountDown;
			productName = "Event CountDown";
			productReference = 3F3213742D0D929E000CD499 /* EventCountDown.app */;
			productType = "com.apple.product-type.application";
		};
		3F32138C2D0D993F000CD499 /* EventCountDownTests */ = {
			isa = PBXNativeTarget;
			buildConfigurationList = 3F3213932D0D993F000CD499 /* Build configuration list for PBXNativeTarget "EventCountDownTests" */;
			buildPhases = (
				3F3213892D0D993F000CD499 /* Sources */,
				3F32138A2D0D993F000CD499 /* Frameworks */,
				3F32138B2D0D993F000CD499 /* Resources */,
			);
			buildRules = (
			);
			dependencies = (
				3F3213922D0D993F000CD499 /* PBXTargetDependency */,
			);
			name = EventCountDownTests;
			productName = "Event CountDownTests";
			productReference = 3F32138D2D0D993F000CD499 /* EventCountDownTests.xctest */;
			productType = "com.apple.product-type.bundle.unit-test";
		};
/* End PBXNativeTarget section */

/* Begin PBXProject section */
		3F32136C2D0D929E000CD499 /* Project object */ = {
			isa = PBXProject;
			attributes = {
				BuildIndependentTargetsInParallel = 1;
				LastSwiftUpdateCheck = 1540;
				LastUpgradeCheck = 1540;
				TargetAttributes = {
					3F3213732D0D929E000CD499 = {
						CreatedOnToolsVersion = 15.4;
					};
					3F32138C2D0D993F000CD499 = {
						CreatedOnToolsVersion = 15.4;
						TestTargetID = 3F3213732D0D929E000CD499;
					};
				};
			};
			buildConfigurationList = 3F32136F2D0D929E000CD499 /* Build configuration list for PBXProject "EventCountDown" */;
			compatibilityVersion = "Xcode 14.0";
			developmentRegion = en;
			hasScannedForEncodings = 0;
			knownRegions = (
				en,
				Base,
			);
			mainGroup = 3F32136B2D0D929E000CD499;
			productRefGroup = 3F3213752D0D929E000CD499 /* Products */;
			projectDirPath = "";
			projectRoot = "";
			targets = (
				3F3213732D0D929E000CD499 /* EventCountDown */,
				3F32138C2D0D993F000CD499 /* EventCountDownTests */,
			);
		};
/* End PBXProject section */

/* Begin PBXResourcesBuildPhase section */
		3F3213722D0D929E000CD499 /* Resources */ = {
			isa = PBXResourcesBuildPhase;
			buildActionMask = 2147483647;
			files = (
				3F32137F2D0D92A1000CD499 /* Preview Assets.xcassets in Resources */,
				3F32137C2D0D92A1000CD499 /* Assets.xcassets in Resources */,
			);
			runOnlyForDeploymentPostprocessing = 0;
		};
		3F32138B2D0D993F000CD499 /* Resources */ = {
			isa = PBXResourcesBuildPhase;
			buildActionMask = 2147483647;
			files = (
			);
			runOnlyForDeploymentPostprocessing = 0;
		};
/* End PBXResourcesBuildPhase section */

/* Begin PBXSourcesBuildPhase section */
		3F3213702D0D929E000CD499 /* Sources */ = {
			isa = PBXSourcesBuildPhase;
			buildActionMask = 2147483647;
			files = (
				3FCC97A52D17A52F003B4656 /* EventRow.swift in Sources */,
				3F3213882D0D97F4000CD499 /* DataHandler.swift in Sources */,
				3FCC97A12D17A2A9003B4656 /* EventsView.swift in Sources */,
				3F32137A2D0D929E000CD499 /* ContentView.swift in Sources */,
				3FCC97AC2D17A8DB003B4656 /* Date+Ex.swift in Sources */,
				3F3213862D0D95CA000CD499 /* EventModel.swift in Sources */,
				3F3213782D0D929E000CD499 /* Event_CountDownApp.swift in Sources */,
			);
			runOnlyForDeploymentPostprocessing = 0;
		};
		3F3213892D0D993F000CD499 /* Sources */ = {
			isa = PBXSourcesBuildPhase;
			buildActionMask = 2147483647;
			files = (
				3FCC97AF2D17A91D003B4656 /* Date+ExTests.swift in Sources */,
				3FCC97AD2D17A8DB003B4656 /* Date+Ex.swift in Sources */,
				3F3213962D0D9A1C000CD499 /* DataHandler.swift in Sources */,
				3F3213972D0D9A20000CD499 /* EventModel.swift in Sources */,
				3F3213902D0D993F000CD499 /* Event_CountDownTests.swift in Sources */,
				3FCC97A62D17A52F003B4656 /* EventRow.swift in Sources */,
				3FCC97A22D17A2A9003B4656 /* EventsView.swift in Sources */,
			);
			runOnlyForDeploymentPostprocessing = 0;
		};
/* End PBXSourcesBuildPhase section */

/* Begin PBXTargetDependency section */
		3F3213922D0D993F000CD499 /* PBXTargetDependency */ = {
			isa = PBXTargetDependency;
			target = 3F3213732D0D929E000CD499 /* EventCountDown */;
			targetProxy = 3F3213912D0D993F000CD499 /* PBXContainerItemProxy */;
		};
/* End PBXTargetDependency section */

/* Begin XCBuildConfiguration section */
		3F3213802D0D92A1000CD499 /* Debug */ = {
			isa = XCBuildConfiguration;
			buildSettings = {
				ALWAYS_SEARCH_USER_PATHS = NO;
				ASSETCATALOG_COMPILER_GENERATE_SWIFT_ASSET_SYMBOL_EXTENSIONS = YES;
				CLANG_ANALYZER_NONNULL = YES;
				CLANG_ANALYZER_NUMBER_OBJECT_CONVERSION = YES_AGGRESSIVE;
				CLANG_CXX_LANGUAGE_STANDARD = "gnu++20";
				CLANG_ENABLE_MODULES = YES;
				CLANG_ENABLE_OBJC_ARC = YES;
				CLANG_ENABLE_OBJC_WEAK = YES;
				CLANG_WARN_BLOCK_CAPTURE_AUTORELEASING = YES;
				CLANG_WARN_BOOL_CONVERSION = YES;
				CLANG_WARN_COMMA = YES;
				CLANG_WARN_CONSTANT_CONVERSION = YES;
				CLANG_WARN_DEPRECATED_OBJC_IMPLEMENTATIONS = YES;
				CLANG_WARN_DIRECT_OBJC_ISA_USAGE = YES_ERROR;
				CLANG_WARN_DOCUMENTATION_COMMENTS = YES;
				CLANG_WARN_EMPTY_BODY = YES;
				CLANG_WARN_ENUM_CONVERSION = YES;
				CLANG_WARN_INFINITE_RECURSION = YES;
				CLANG_WARN_INT_CONVERSION = YES;
				CLANG_WARN_NON_LITERAL_NULL_CONVERSION = YES;
				CLANG_WARN_OBJC_IMPLICIT_RETAIN_SELF = YES;
				CLANG_WARN_OBJC_LITERAL_CONVERSION = YES;
				CLANG_WARN_OBJC_ROOT_CLASS = YES_ERROR;
				CLANG_WARN_QUOTED_INCLUDE_IN_FRAMEWORK_HEADER = YES;
				CLANG_WARN_RANGE_LOOP_ANALYSIS = YES;
				CLANG_WARN_STRICT_PROTOTYPES = YES;
				CLANG_WARN_SUSPICIOUS_MOVE = YES;
				CLANG_WARN_UNGUARDED_AVAILABILITY = YES_AGGRESSIVE;
				CLANG_WARN_UNREACHABLE_CODE = YES;
				CLANG_WARN__DUPLICATE_METHOD_MATCH = YES;
				COPY_PHASE_STRIP = NO;
				DEBUG_INFORMATION_FORMAT = dwarf;
				ENABLE_STRICT_OBJC_MSGSEND = YES;
				ENABLE_TESTABILITY = YES;
				ENABLE_USER_SCRIPT_SANDBOXING = YES;
				GCC_C_LANGUAGE_STANDARD = gnu17;
				GCC_DYNAMIC_NO_PIC = NO;
				GCC_NO_COMMON_BLOCKS = YES;
				GCC_OPTIMIZATION_LEVEL = 0;
				GCC_PREPROCESSOR_DEFINITIONS = (
					"DEBUG=1",
					"$(inherited)",
				);
				GCC_WARN_64_TO_32_BIT_CONVERSION = YES;
				GCC_WARN_ABOUT_RETURN_TYPE = YES_ERROR;
				GCC_WARN_UNDECLARED_SELECTOR = YES;
				GCC_WARN_UNINITIALIZED_AUTOS = YES_AGGRESSIVE;
				GCC_WARN_UNUSED_FUNCTION = YES;
				GCC_WARN_UNUSED_VARIABLE = YES;
				IPHONEOS_DEPLOYMENT_TARGET = 17.5;
				LOCALIZATION_PREFERS_STRING_CATALOGS = YES;
				MTL_ENABLE_DEBUG_INFO = INCLUDE_SOURCE;
				MTL_FAST_MATH = YES;
				ONLY_ACTIVE_ARCH = YES;
				SDKROOT = iphoneos;
				SWIFT_ACTIVE_COMPILATION_CONDITIONS = "DEBUG $(inherited)";
				SWIFT_OPTIMIZATION_LEVEL = "-Onone";
			};
			name = Debug;
		};
		3F3213812D0D92A1000CD499 /* Release */ = {
			isa = XCBuildConfiguration;
			buildSettings = {
				ALWAYS_SEARCH_USER_PATHS = NO;
				ASSETCATALOG_COMPILER_GENERATE_SWIFT_ASSET_SYMBOL_EXTENSIONS = YES;
				CLANG_ANALYZER_NONNULL = YES;
				CLANG_ANALYZER_NUMBER_OBJECT_CONVERSION = YES_AGGRESSIVE;
				CLANG_CXX_LANGUAGE_STANDARD = "gnu++20";
				CLANG_ENABLE_MODULES = YES;
				CLANG_ENABLE_OBJC_ARC = YES;
				CLANG_ENABLE_OBJC_WEAK = YES;
				CLANG_WARN_BLOCK_CAPTURE_AUTORELEASING = YES;
				CLANG_WARN_BOOL_CONVERSION = YES;
				CLANG_WARN_COMMA = YES;
				CLANG_WARN_CONSTANT_CONVERSION = YES;
				CLANG_WARN_DEPRECATED_OBJC_IMPLEMENTATIONS = YES;
				CLANG_WARN_DIRECT_OBJC_ISA_USAGE = YES_ERROR;
				CLANG_WARN_DOCUMENTATION_COMMENTS = YES;
				CLANG_WARN_EMPTY_BODY = YES;
				CLANG_WARN_ENUM_CONVERSION = YES;
				CLANG_WARN_INFINITE_RECURSION = YES;
				CLANG_WARN_INT_CONVERSION = YES;
				CLANG_WARN_NON_LITERAL_NULL_CONVERSION = YES;
				CLANG_WARN_OBJC_IMPLICIT_RETAIN_SELF = YES;
				CLANG_WARN_OBJC_LITERAL_CONVERSION = YES;
				CLANG_WARN_OBJC_ROOT_CLASS = YES_ERROR;
				CLANG_WARN_QUOTED_INCLUDE_IN_FRAMEWORK_HEADER = YES;
				CLANG_WARN_RANGE_LOOP_ANALYSIS = YES;
				CLANG_WARN_STRICT_PROTOTYPES = YES;
				CLANG_WARN_SUSPICIOUS_MOVE = YES;
				CLANG_WARN_UNGUARDED_AVAILABILITY = YES_AGGRESSIVE;
				CLANG_WARN_UNREACHABLE_CODE = YES;
				CLANG_WARN__DUPLICATE_METHOD_MATCH = YES;
				COPY_PHASE_STRIP = NO;
				DEBUG_INFORMATION_FORMAT = "dwarf-with-dsym";
				ENABLE_NS_ASSERTIONS = NO;
				ENABLE_STRICT_OBJC_MSGSEND = YES;
				ENABLE_USER_SCRIPT_SANDBOXING = YES;
				GCC_C_LANGUAGE_STANDARD = gnu17;
				GCC_NO_COMMON_BLOCKS = YES;
				GCC_WARN_64_TO_32_BIT_CONVERSION = YES;
				GCC_WARN_ABOUT_RETURN_TYPE = YES_ERROR;
				GCC_WARN_UNDECLARED_SELECTOR = YES;
				GCC_WARN_UNINITIALIZED_AUTOS = YES_AGGRESSIVE;
				GCC_WARN_UNUSED_FUNCTION = YES;
				GCC_WARN_UNUSED_VARIABLE = YES;
				IPHONEOS_DEPLOYMENT_TARGET = 17.5;
				LOCALIZATION_PREFERS_STRING_CATALOGS = YES;
				MTL_ENABLE_DEBUG_INFO = NO;
				MTL_FAST_MATH = YES;
				SDKROOT = iphoneos;
				SWIFT_COMPILATION_MODE = wholemodule;
				VALIDATE_PRODUCT = YES;
			};
			name = Release;
		};
		3F3213832D0D92A1000CD499 /* Debug */ = {
			isa = XCBuildConfiguration;
			buildSettings = {
				ASSETCATALOG_COMPILER_APPICON_NAME = AppIcon;
				ASSETCATALOG_COMPILER_GLOBAL_ACCENT_COLOR_NAME = AccentColor;
				CODE_SIGN_STYLE = Automatic;
				CURRENT_PROJECT_VERSION = 1;
				DEVELOPMENT_ASSET_PATHS = "\"Event CountDown/Preview Content\"";
				DEVELOPMENT_TEAM = TNP8S2N2UD;
				ENABLE_PREVIEWS = YES;
				GENERATE_INFOPLIST_FILE = YES;
				INFOPLIST_KEY_UIApplicationSceneManifest_Generation = YES;
				INFOPLIST_KEY_UIApplicationSupportsIndirectInputEvents = YES;
				INFOPLIST_KEY_UILaunchScreen_Generation = YES;
				INFOPLIST_KEY_UISupportedInterfaceOrientations_iPad = "UIInterfaceOrientationPortrait UIInterfaceOrientationPortraitUpsideDown UIInterfaceOrientationLandscapeLeft UIInterfaceOrientationLandscapeRight";
				INFOPLIST_KEY_UISupportedInterfaceOrientations_iPhone = "UIInterfaceOrientationPortrait UIInterfaceOrientationLandscapeLeft UIInterfaceOrientationLandscapeRight";
				LD_RUNPATH_SEARCH_PATHS = (
					"$(inherited)",
					"@executable_path/Frameworks",
				);
				MARKETING_VERSION = 1.0;
				PRODUCT_BUNDLE_IDENTIFIER = "com.andalus.Event-CountDown";
				PRODUCT_NAME = "$(TARGET_NAME)";
				SWIFT_EMIT_LOC_STRINGS = YES;
				SWIFT_VERSION = 5.0;
				TARGETED_DEVICE_FAMILY = "1,2";
			};
			name = Debug;
		};
		3F3213842D0D92A1000CD499 /* Release */ = {
			isa = XCBuildConfiguration;
			buildSettings = {
				ASSETCATALOG_COMPILER_APPICON_NAME = AppIcon;
				ASSETCATALOG_COMPILER_GLOBAL_ACCENT_COLOR_NAME = AccentColor;
				CODE_SIGN_STYLE = Automatic;
				CURRENT_PROJECT_VERSION = 1;
				DEVELOPMENT_ASSET_PATHS = "\"Event CountDown/Preview Content\"";
				DEVELOPMENT_TEAM = TNP8S2N2UD;
				ENABLE_PREVIEWS = YES;
				GENERATE_INFOPLIST_FILE = YES;
				INFOPLIST_KEY_UIApplicationSceneManifest_Generation = YES;
				INFOPLIST_KEY_UIApplicationSupportsIndirectInputEvents = YES;
				INFOPLIST_KEY_UILaunchScreen_Generation = YES;
				INFOPLIST_KEY_UISupportedInterfaceOrientations_iPad = "UIInterfaceOrientationPortrait UIInterfaceOrientationPortraitUpsideDown UIInterfaceOrientationLandscapeLeft UIInterfaceOrientationLandscapeRight";
				INFOPLIST_KEY_UISupportedInterfaceOrientations_iPhone = "UIInterfaceOrientationPortrait UIInterfaceOrientationLandscapeLeft UIInterfaceOrientationLandscapeRight";
				LD_RUNPATH_SEARCH_PATHS = (
					"$(inherited)",
					"@executable_path/Frameworks",
				);
				MARKETING_VERSION = 1.0;
				PRODUCT_BUNDLE_IDENTIFIER = "com.andalus.Event-CountDown";
				PRODUCT_NAME = "$(TARGET_NAME)";
				SWIFT_EMIT_LOC_STRINGS = YES;
				SWIFT_VERSION = 5.0;
				TARGETED_DEVICE_FAMILY = "1,2";
			};
			name = Release;
		};
		3F3213942D0D993F000CD499 /* Debug */ = {
			isa = XCBuildConfiguration;
			buildSettings = {
				BUNDLE_LOADER = "$(TEST_HOST)";
				CODE_SIGN_STYLE = Automatic;
				CURRENT_PROJECT_VERSION = 1;
				DEVELOPMENT_TEAM = TNP8S2N2UD;
				GENERATE_INFOPLIST_FILE = YES;
				IPHONEOS_DEPLOYMENT_TARGET = 17.5;
				MACOSX_DEPLOYMENT_TARGET = 14.5;
				MARKETING_VERSION = 1.0;
				PRODUCT_BUNDLE_IDENTIFIER = "com.andalus.Event-CountDownTests";
				PRODUCT_NAME = "$(TARGET_NAME)";
				SDKROOT = auto;
				SUPPORTED_PLATFORMS = "iphoneos iphonesimulator macosx";
				SWIFT_EMIT_LOC_STRINGS = NO;
				SWIFT_VERSION = 5.0;
				TARGETED_DEVICE_FAMILY = "1,2";
				TEST_HOST = "$(BUILT_PRODUCTS_DIR)/EventCountDown.app/$(BUNDLE_EXECUTABLE_FOLDER_PATH)/EventCountDown";
			};
			name = Debug;
		};
		3F3213952D0D993F000CD499 /* Release */ = {
			isa = XCBuildConfiguration;
			buildSettings = {
				BUNDLE_LOADER = "$(TEST_HOST)";
				CODE_SIGN_STYLE = Automatic;
				CURRENT_PROJECT_VERSION = 1;
				DEVELOPMENT_TEAM = TNP8S2N2UD;
				GENERATE_INFOPLIST_FILE = YES;
				IPHONEOS_DEPLOYMENT_TARGET = 17.5;
				MACOSX_DEPLOYMENT_TARGET = 14.5;
				MARKETING_VERSION = 1.0;
				PRODUCT_BUNDLE_IDENTIFIER = "com.andalus.Event-CountDownTests";
				PRODUCT_NAME = "$(TARGET_NAME)";
				SDKROOT = auto;
				SUPPORTED_PLATFORMS = "iphoneos iphonesimulator macosx";
				SWIFT_EMIT_LOC_STRINGS = NO;
				SWIFT_VERSION = 5.0;
				TARGETED_DEVICE_FAMILY = "1,2";
				TEST_HOST = "$(BUILT_PRODUCTS_DIR)/EventCountDown.app/$(BUNDLE_EXECUTABLE_FOLDER_PATH)/EventCountDown";
			};
			name = Release;
		};
/* End XCBuildConfiguration section */

/* Begin XCConfigurationList section */
		3F32136F2D0D929E000CD499 /* Build configuration list for PBXProject "EventCountDown" */ = {
			isa = XCConfigurationList;
			buildConfigurations = (
				3F3213802D0D92A1000CD499 /* Debug */,
				3F3213812D0D92A1000CD499 /* Release */,
			);
			defaultConfigurationIsVisible = 0;
			defaultConfigurationName = Release;
		};
		3F3213822D0D92A1000CD499 /* Build configuration list for PBXNativeTarget "EventCountDown" */ = {
			isa = XCConfigurationList;
			buildConfigurations = (
				3F3213832D0D92A1000CD499 /* Debug */,
				3F3213842D0D92A1000CD499 /* Release */,
			);
			defaultConfigurationIsVisible = 0;
			defaultConfigurationName = Release;
		};
		3F3213932D0D993F000CD499 /* Build configuration list for PBXNativeTarget "EventCountDownTests" */ = {
			isa = XCConfigurationList;
			buildConfigurations = (
				3F3213942D0D993F000CD499 /* Debug */,
				3F3213952D0D993F000CD499 /* Release */,
			);
			defaultConfigurationIsVisible = 0;
			defaultConfigurationName = Release;
		};
/* End XCConfigurationList section */
	};
	rootObject = 3F32136C2D0D929E000CD499 /* Project object */;
}
